
Microsoft Visual Studio Solution File, Format Version 12.00
# Visual Studio Version 16
VisualStudioVersion = 16.0.30709.64
MinimumVisualStudioVersion = 10.0.40219.1
Project("{FAE04EC0-301F-11D3-BF4B-00C04F79EFBC}") = "Homework2", "Homework2\Homework2.csproj", "{29175B52-F0FC-45DE-B05F-039E487809B4}"
EndProject
Project("{FAE04EC0-301F-11D3-BF4B-00C04F79EFBC}") = "Homework22", "Homework22\Homework22.csproj", "{54544F6E-492A-4B27-889F-2FF706DC077F}"
EndProject
Project("{FAE04EC0-301F-11D3-BF4B-00C04F79EFBC}") = "Homework23", "Homework23\Homework23.csproj", "{BE13DE41-5A51-4475-851A-B153D2FB6735}"
EndProject
Project("{FAE04EC0-301F-11D3-BF4B-00C04F79EFBC}") = "Homework24", "Homework24\Homework24.csproj", "{23AA7582-27A1-4D98-8CCD-70B415AAE3C1}"
EndProject
Global
	GlobalSection(SolutionConfigurationPlatforms) = preSolution
		Debug|Any CPU = Debug|Any CPU
		Release|Any CPU = Release|Any CPU
	EndGlobalSection
	GlobalSection(ProjectConfigurationPlatforms) = postSolution
		{29175B52-F0FC-45DE-B05F-039E487809B4}.Debug|Any CPU.ActiveCfg = Debug|Any CPU
		{29175B52-F0FC-45DE-B05F-039E487809B4}.Debug|Any CPU.Build.0 = Debug|Any CPU
		{29175B52-F0FC-45DE-B05F-039E487809B4}.Release|Any CPU.ActiveCfg = Release|Any CPU
		{29175B52-F0FC-45DE-B05F-039E487809B4}.Release|Any CPU.Build.0 = Release|Any CPU
		{54544F6E-492A-4B27-889F-2FF706DC077F}.Debug|Any CPU.ActiveCfg = Debug|Any CPU
		{54544F6E-492A-4B27-889F-2FF706DC077F}.Debug|Any CPU.Build.0 = Debug|Any CPU
		{54544F6E-492A-4B27-889F-2FF706DC077F}.Release|Any CPU.ActiveCfg = Release|Any CPU
		{54544F6E-492A-4B27-889F-2FF706DC077F}.Release|Any CPU.Build.0 = Release|Any CPU
		{BE13DE41-5A51-4475-851A-B153D2FB6735}.Debug|Any CPU.ActiveCfg = Debug|Any CPU
		{BE13DE41-5A51-4475-851A-B153D2FB6735}.Debug|Any CPU.Build.0 = Debug|Any CPU
		{BE13DE41-5A51-4475-851A-B153D2FB6735}.Release|Any CPU.ActiveCfg = Release|Any CPU
		{BE13DE41-5A51-4475-851A-B153D2FB6735}.Release|Any CPU.Build.0 = Release|Any CPU
		{23AA7582-27A1-4D98-8CCD-70B415AAE3C1}.Debug|Any CPU.ActiveCfg = Debug|Any CPU
		{23AA7582-27A1-4D98-8CCD-70B415AAE3C1}.Debug|Any CPU.Build.0 = Debug|Any CPU
		{23AA7582-27A1-4D98-8CCD-70B415AAE3C1}.Release|Any CPU.ActiveCfg = Release|Any CPU
		{23AA7582-27A1-4D98-8CCD-70B415AAE3C1}.Release|Any CPU.Build.0 = Release|Any CPU
	EndGlobalSection
	GlobalSection(SolutionProperties) = preSolution
		HideSolutionNode = FALSE
	EndGlobalSection
	GlobalSection(ExtensibilityGlobals) = postSolution
		SolutionGuid = {4D9F59CD-1611-4B68-AFB8-AF1F52E4EDDE}
	EndGlobalSection
EndGlobal
