
Microsoft Visual Studio Solution File, Format Version 12.00
# Visual Studio Version 16
VisualStudioVersion = 16.0.30803.129
MinimumVisualStudioVersion = 10.0.40219.1
Project("{FAE04EC0-301F-11D3-BF4B-00C04F79EFBC}") = "algor_home_1_1", "algor_home_1\algor_home_1_1.csproj", "{3780044B-4CBA-4F48-BA21-3856D4CEE180}"
EndProject
Project("{FAE04EC0-301F-11D3-BF4B-00C04F79EFBC}") = "algor_home_1_2", "..\algor_home_1_2\algor_home_1_2.csproj", "{62CBEBC9-6C10-443F-8832-82E404BA0114}"
EndProject
Project("{FAE04EC0-301F-11D3-BF4B-00C04F79EFBC}") = "algor_home_1_3", "..\algor_home_1_3\algor_home_1_3.csproj", "{D23E3208-9119-464E-92F9-27DF91D28A61}"
EndProject
Global
	GlobalSection(SolutionConfigurationPlatforms) = preSolution
		Debug|Any CPU = Debug|Any CPU
		Release|Any CPU = Release|Any CPU
	EndGlobalSection
	GlobalSection(ProjectConfigurationPlatforms) = postSolution
		{3780044B-4CBA-4F48-BA21-3856D4CEE180}.Debug|Any CPU.ActiveCfg = Debug|Any CPU
		{3780044B-4CBA-4F48-BA21-3856D4CEE180}.Debug|Any CPU.Build.0 = Debug|Any CPU
		{3780044B-4CBA-4F48-BA21-3856D4CEE180}.Release|Any CPU.ActiveCfg = Release|Any CPU
		{3780044B-4CBA-4F48-BA21-3856D4CEE180}.Release|Any CPU.Build.0 = Release|Any CPU
		{62CBEBC9-6C10-443F-8832-82E404BA0114}.Debug|Any CPU.ActiveCfg = Debug|Any CPU
		{62CBEBC9-6C10-443F-8832-82E404BA0114}.Debug|Any CPU.Build.0 = Debug|Any CPU
		{62CBEBC9-6C10-443F-8832-82E404BA0114}.Release|Any CPU.ActiveCfg = Release|Any CPU
		{62CBEBC9-6C10-443F-8832-82E404BA0114}.Release|Any CPU.Build.0 = Release|Any CPU
		{D23E3208-9119-464E-92F9-27DF91D28A61}.Debug|Any CPU.ActiveCfg = Debug|Any CPU
		{D23E3208-9119-464E-92F9-27DF91D28A61}.Debug|Any CPU.Build.0 = Debug|Any CPU
		{D23E3208-9119-464E-92F9-27DF91D28A61}.Release|Any CPU.ActiveCfg = Release|Any CPU
		{D23E3208-9119-464E-92F9-27DF91D28A61}.Release|Any CPU.Build.0 = Release|Any CPU
	EndGlobalSection
	GlobalSection(SolutionProperties) = preSolution
		HideSolutionNode = FALSE
	EndGlobalSection
	GlobalSection(ExtensibilityGlobals) = postSolution
		SolutionGuid = {0BA4A1F1-382B-4390-BFC7-FCC2DC2824D7}
	EndGlobalSection
EndGlobal
