
Microsoft Visual Studio Solution File, Format Version 12.00
# Visual Studio Version 16
VisualStudioVersion = 16.0.30709.64
MinimumVisualStudioVersion = 10.0.40219.1
Project("{FAE04EC0-301F-11D3-BF4B-00C04F79EFBC}") = "Homework41", "Homework41\Homework41.csproj", "{A7308442-D7A9-4FB0-B8AD-C673543E746D}"
EndProject
Project("{FAE04EC0-301F-11D3-BF4B-00C04F79EFBC}") = "Homework42", "..\Homework42\Homework42.csproj", "{FCD7EBCA-2614-48E0-B0AA-6E07ECFEAC19}"
EndProject
Project("{FAE04EC0-301F-11D3-BF4B-00C04F79EFBC}") = "Homework43", "..\Homework43\Homework43.csproj", "{08D85D4A-C82B-42E0-B9A9-CBE7A529B20B}"
EndProject
Project("{FAE04EC0-301F-11D3-BF4B-00C04F79EFBC}") = "Homework44", "..\Homework44\Homework44.csproj", "{6425368F-E7CB-420E-81ED-494BBC26C6B7}"
EndProject
Global
	GlobalSection(SolutionConfigurationPlatforms) = preSolution
		Debug|Any CPU = Debug|Any CPU
		Release|Any CPU = Release|Any CPU
	EndGlobalSection
	GlobalSection(ProjectConfigurationPlatforms) = postSolution
		{A7308442-D7A9-4FB0-B8AD-C673543E746D}.Debug|Any CPU.ActiveCfg = Debug|Any CPU
		{A7308442-D7A9-4FB0-B8AD-C673543E746D}.Debug|Any CPU.Build.0 = Debug|Any CPU
		{A7308442-D7A9-4FB0-B8AD-C673543E746D}.Release|Any CPU.ActiveCfg = Release|Any CPU
		{A7308442-D7A9-4FB0-B8AD-C673543E746D}.Release|Any CPU.Build.0 = Release|Any CPU
		{FCD7EBCA-2614-48E0-B0AA-6E07ECFEAC19}.Debug|Any CPU.ActiveCfg = Debug|Any CPU
		{FCD7EBCA-2614-48E0-B0AA-6E07ECFEAC19}.Debug|Any CPU.Build.0 = Debug|Any CPU
		{FCD7EBCA-2614-48E0-B0AA-6E07ECFEAC19}.Release|Any CPU.ActiveCfg = Release|Any CPU
		{FCD7EBCA-2614-48E0-B0AA-6E07ECFEAC19}.Release|Any CPU.Build.0 = Release|Any CPU
		{08D85D4A-C82B-42E0-B9A9-CBE7A529B20B}.Debug|Any CPU.ActiveCfg = Debug|Any CPU
		{08D85D4A-C82B-42E0-B9A9-CBE7A529B20B}.Debug|Any CPU.Build.0 = Debug|Any CPU
		{08D85D4A-C82B-42E0-B9A9-CBE7A529B20B}.Release|Any CPU.ActiveCfg = Release|Any CPU
		{08D85D4A-C82B-42E0-B9A9-CBE7A529B20B}.Release|Any CPU.Build.0 = Release|Any CPU
		{6425368F-E7CB-420E-81ED-494BBC26C6B7}.Debug|Any CPU.ActiveCfg = Debug|Any CPU
		{6425368F-E7CB-420E-81ED-494BBC26C6B7}.Debug|Any CPU.Build.0 = Debug|Any CPU
		{6425368F-E7CB-420E-81ED-494BBC26C6B7}.Release|Any CPU.ActiveCfg = Release|Any CPU
		{6425368F-E7CB-420E-81ED-494BBC26C6B7}.Release|Any CPU.Build.0 = Release|Any CPU
	EndGlobalSection
	GlobalSection(SolutionProperties) = preSolution
		HideSolutionNode = FALSE
	EndGlobalSection
	GlobalSection(ExtensibilityGlobals) = postSolution
		SolutionGuid = {627473C3-3C38-4D2E-BD9A-88ACAD95E84E}
	EndGlobalSection
EndGlobal
